
Microsoft Visual Studio Solution File, Format Version 12.00
# Visual Studio Version 17
VisualStudioVersion = 17.9.34622.214
MinimumVisualStudioVersion = 10.0.40219.1
Project("{888888A0-9F3D-457C-B088-3A5042F75D52}") = "1.1", "1.1.pyproj", "{BA872E00-2796-42F1-9B1D-B25A21F9984F}"
EndProject
Global
	GlobalSection(SolutionConfigurationPlatforms) = preSolution
		Debug|Any CPU = Debug|Any CPU
		Release|Any CPU = Release|Any CPU
	EndGlobalSection
	GlobalSection(ProjectConfigurationPlatforms) = postSolution
		{BA872E00-2796-42F1-9B1D-B25A21F9984F}.Debug|Any CPU.ActiveCfg = Debug|Any CPU
		{BA872E00-2796-42F1-9B1D-B25A21F9984F}.Release|Any CPU.ActiveCfg = Release|Any CPU
	EndGlobalSection
	GlobalSection(SolutionProperties) = preSolution
		HideSolutionNode = FALSE
	EndGlobalSection
	GlobalSection(ExtensibilityGlobals) = postSolution
		SolutionGuid = {6856ED0C-07F5-475F-BFF1-BF3CC2AF31C9}
	EndGlobalSection
EndGlobal
